
Microsoft Visual Studio Solution File, Format Version 12.00
# Visual Studio Version 16
VisualStudioVersion = 16.0.33423.256
MinimumVisualStudioVersion = 10.0.40219.1
Project("{FAE04EC0-301F-11D3-BF4B-00C04F79EFBC}") = "2023.11.14", "2023.11.14\2023.11.14.csproj", "{BC1B4797-B69E-4E21-80C4-CAE243D93746}"
EndProject
Global
	GlobalSection(SolutionConfigurationPlatforms) = preSolution
		Debug|Any CPU = Debug|Any CPU
		Release|Any CPU = Release|Any CPU
	EndGlobalSection
	GlobalSection(ProjectConfigurationPlatforms) = postSolution
		{BC1B4797-B69E-4E21-80C4-CAE243D93746}.Debug|Any CPU.ActiveCfg = Debug|Any CPU
		{BC1B4797-B69E-4E21-80C4-CAE243D93746}.Debug|Any CPU.Build.0 = Debug|Any CPU
		{BC1B4797-B69E-4E21-80C4-CAE243D93746}.Release|Any CPU.ActiveCfg = Release|Any CPU
		{BC1B4797-B69E-4E21-80C4-CAE243D93746}.Release|Any CPU.Build.0 = Release|Any CPU
	EndGlobalSection
	GlobalSection(SolutionProperties) = preSolution
		HideSolutionNode = FALSE
	EndGlobalSection
	GlobalSection(ExtensibilityGlobals) = postSolution
		SolutionGuid = {C6A3A542-9D06-481D-8BB1-931CAE642BA4}
	EndGlobalSection
EndGlobal
